
Microsoft Visual Studio Solution File, Format Version 12.00
# Visual Studio Version 16
VisualStudioVersion = 16.0.31729.503
MinimumVisualStudioVersion = 10.0.40219.1
Project("{FAE04EC0-301F-11D3-BF4B-00C04F79EFBC}") = "project take 2", "project take 2.csproj", "{A81BA4A6-9482-483B-A488-56F808CF076B}"
EndProject
Global
	GlobalSection(SolutionConfigurationPlatforms) = preSolution
		Debug|Any CPU = Debug|Any CPU
		Release|Any CPU = Release|Any CPU
	EndGlobalSection
	GlobalSection(ProjectConfigurationPlatforms) = postSolution
		{A81BA4A6-9482-483B-A488-56F808CF076B}.Debug|Any CPU.ActiveCfg = Debug|Any CPU
		{A81BA4A6-9482-483B-A488-56F808CF076B}.Debug|Any CPU.Build.0 = Debug|Any CPU
		{A81BA4A6-9482-483B-A488-56F808CF076B}.Release|Any CPU.ActiveCfg = Release|Any CPU
		{A81BA4A6-9482-483B-A488-56F808CF076B}.Release|Any CPU.Build.0 = Release|Any CPU
	EndGlobalSection
	GlobalSection(SolutionProperties) = preSolution
		HideSolutionNode = FALSE
	EndGlobalSection
	GlobalSection(ExtensibilityGlobals) = postSolution
		SolutionGuid = {600C53C5-AC81-4EE4-9E2B-16EECB69ECAA}
	EndGlobalSection
EndGlobal
